
Microsoft Visual Studio Solution File, Format Version 12.00
# Visual Studio Version 17
VisualStudioVersion = 17.0.32112.339
MinimumVisualStudioVersion = 10.0.40219.1
Project("{FAE04EC0-301F-11D3-BF4B-00C04F79EFBC}") = "Cash Register", "Cash Register\Cash Register.csproj", "{F87F4421-32C6-4F83-BE2F-C706CBC1F7AF}"
EndProject
Global
	GlobalSection(SolutionConfigurationPlatforms) = preSolution
		Debug|Any CPU = Debug|Any CPU
		Release|Any CPU = Release|Any CPU
	EndGlobalSection
	GlobalSection(ProjectConfigurationPlatforms) = postSolution
		{F87F4421-32C6-4F83-BE2F-C706CBC1F7AF}.Debug|Any CPU.ActiveCfg = Debug|Any CPU
		{F87F4421-32C6-4F83-BE2F-C706CBC1F7AF}.Debug|Any CPU.Build.0 = Debug|Any CPU
		{F87F4421-32C6-4F83-BE2F-C706CBC1F7AF}.Release|Any CPU.ActiveCfg = Release|Any CPU
		{F87F4421-32C6-4F83-BE2F-C706CBC1F7AF}.Release|Any CPU.Build.0 = Release|Any CPU
	EndGlobalSection
	GlobalSection(SolutionProperties) = preSolution
		HideSolutionNode = FALSE
	EndGlobalSection
	GlobalSection(ExtensibilityGlobals) = postSolution
		SolutionGuid = {31F208C0-6833-4BBD-9385-7E8FC897F8F7}
	EndGlobalSection
EndGlobal
